
Microsoft Visual Studio Solution File, Format Version 12.00
# Visual Studio 15
Project("{FAE04EC0-301F-11D3-BF4B-00C04F79EFBC}") = "Nest.Model", "Nest.Model.csproj", "{470E992E-C860-406C-9792-D5E9D34E2969}"
EndProject
Project("{FAE04EC0-301F-11D3-BF4B-00C04F79EFBC}") = "Nester.Library", "..\..\nester.library\Nester.Library\Nester.Library.csproj", "{9372F790-5192-4F2D-8B9E-DFB00716BCE9}"
EndProject
Global
	GlobalSection(SolutionConfigurationPlatforms) = preSolution
		Debug|Any CPU = Debug|Any CPU
		Release|Any CPU = Release|Any CPU
	EndGlobalSection
	GlobalSection(ProjectConfigurationPlatforms) = postSolution
		{470E992E-C860-406C-9792-D5E9D34E2969}.Debug|Any CPU.ActiveCfg = Debug|Any CPU
		{470E992E-C860-406C-9792-D5E9D34E2969}.Debug|Any CPU.Build.0 = Debug|Any CPU
		{470E992E-C860-406C-9792-D5E9D34E2969}.Release|Any CPU.ActiveCfg = Release|Any CPU
		{470E992E-C860-406C-9792-D5E9D34E2969}.Release|Any CPU.Build.0 = Release|Any CPU
		{9372F790-5192-4F2D-8B9E-DFB00716BCE9}.Debug|Any CPU.ActiveCfg = Debug|Any CPU
		{9372F790-5192-4F2D-8B9E-DFB00716BCE9}.Debug|Any CPU.Build.0 = Debug|Any CPU
		{9372F790-5192-4F2D-8B9E-DFB00716BCE9}.Release|Any CPU.ActiveCfg = Release|Any CPU
		{9372F790-5192-4F2D-8B9E-DFB00716BCE9}.Release|Any CPU.Build.0 = Release|Any CPU
	EndGlobalSection
EndGlobal
